
Microsoft Visual Studio Solution File, Format Version 12.00
# Visual Studio Version 16
VisualStudioVersion = 16.0.31410.357
MinimumVisualStudioVersion = 10.0.40219.1
Project("{9A19103F-16F7-4668-BE54-9A1E7A4F7556}") = "TaxaJuros", "TaxaJuros\TaxaJuros.API\TaxaJuros.csproj", "{3C86E759-D3BC-4624-BA35-13E726206C77}"
EndProject
Project("{9A19103F-16F7-4668-BE54-9A1E7A4F7556}") = "TaxaJuros.Testes", "TaxaJuros\TaxaJuros.Testes\TaxaJuros.Testes.csproj", "{8D524CFC-EFD8-4C60-A9D9-AF96C5F81D8D}"
EndProject
Global
	GlobalSection(SolutionConfigurationPlatforms) = preSolution
		Debug|Any CPU = Debug|Any CPU
		Release|Any CPU = Release|Any CPU
	EndGlobalSection
	GlobalSection(ProjectConfigurationPlatforms) = postSolution
		{3C86E759-D3BC-4624-BA35-13E726206C77}.Debug|Any CPU.ActiveCfg = Debug|Any CPU
		{3C86E759-D3BC-4624-BA35-13E726206C77}.Debug|Any CPU.Build.0 = Debug|Any CPU
		{3C86E759-D3BC-4624-BA35-13E726206C77}.Release|Any CPU.ActiveCfg = Release|Any CPU
		{3C86E759-D3BC-4624-BA35-13E726206C77}.Release|Any CPU.Build.0 = Release|Any CPU
		{8D524CFC-EFD8-4C60-A9D9-AF96C5F81D8D}.Debug|Any CPU.ActiveCfg = Debug|Any CPU
		{8D524CFC-EFD8-4C60-A9D9-AF96C5F81D8D}.Debug|Any CPU.Build.0 = Debug|Any CPU
		{8D524CFC-EFD8-4C60-A9D9-AF96C5F81D8D}.Release|Any CPU.ActiveCfg = Release|Any CPU
		{8D524CFC-EFD8-4C60-A9D9-AF96C5F81D8D}.Release|Any CPU.Build.0 = Release|Any CPU
	EndGlobalSection
	GlobalSection(SolutionProperties) = preSolution
		HideSolutionNode = FALSE
	EndGlobalSection
	GlobalSection(ExtensibilityGlobals) = postSolution
		SolutionGuid = {D61F02CB-AA25-4501-8D0B-86BE23E218A9}
	EndGlobalSection
EndGlobal
